# THIS IS AN AUTOGENERATED FILE. DO NOT EDIT THIS FILE DIRECTLY.
# yarn lockfile v1


"@xmldom/xmldom@^0.8.6":
  version "0.8.6"
  resolved "https://registry.yarnpkg.com/@xmldom/xmldom/-/xmldom-0.8.6.tgz#8a1524eb5bd5e965c1e3735476f0262469f71440"
  integrity sha512-uRjjusqpoqfmRkTaNuLJ2VohVr67Q5YwDATW3VU7PfzTj6IRaihGrYI7zckGZjxQPBIp63nfvJbM+Yu5ICh0Bg==

docxtemplater@^3.36.0:
  version "3.36.0"
  resolved "https://registry.yarnpkg.com/docxtemplater/-/docxtemplater-3.36.0.tgz#0367e938ad5108b76bc6cea0b7e0267cffa6e297"
  integrity sha512-pF/VBJSPLRgCOBhYa4/lNpjWrs5rT0sgznqH1WcuSVhNL0TadQaVw0e7xv+aE2TCwbdGsu9TB2E3m7ElhGPisA==
  dependencies:
    "@xmldom/xmldom" "^0.8.6"

pako@^2.1.0:
  version "2.1.0"
  resolved "https://registry.yarnpkg.com/pako/-/pako-2.1.0.tgz#266cc37f98c7d883545d11335c00fbd4062c9a86"
  integrity sha512-w+eufiZ1WuJYgPXbV/PO3NCMEc3xqylkKHzp8bxp1uW4qaSNQUkwmLLEc3kKsfz8lpV1F8Ht3U1Cm+9Srog2ug==

pizzip@^3.1.4:
  version "3.1.4"
  resolved "https://registry.yarnpkg.com/pizzip/-/pizzip-3.1.4.tgz#0c2578506ce5b487fa00bc2dd62eebeb291ee677"
  integrity sha512-08yol1Of5Og1E0a1R56c+Z1jVkvfTEBUouwG9WYwCqpj8BjdcpEpLgZsrdLFNQYRgtxK0OOe0JpmBWJdrPr6Dg==
  dependencies:
    pako "^2.1.0"

typescript@^5.0.2:
  version "5.0.2"
  resolved "https://registry.yarnpkg.com/typescript/-/typescript-5.0.2.tgz#891e1a90c5189d8506af64b9ef929fca99ba1ee5"
  integrity sha512-wVORMBGO/FAs/++blGNeAVdbNKtIh1rbBL2EyQ1+J9lClJ93KiiKe8PmFIVdXhHcyv44SL9oglmfeSsndo0jRw==
